# @generated by Move, please check-in and do not edit manually.

[move]
version = 3
manifest_digest = "CB2871ADF451146FBAFB8F519B6461609DDA080043782B8D44E66AA740A58B68"
deps_digest = "F8BBB0CCB2491CA29A3DF03D6F92277A4F3574266507ACD77214D37ECA3F3082"
dependencies = [
  { id = "Sui", name = "Sui" },
]

[[move.package]]
id = "MoveStdlib"
source = { git = "https://github.com/MystenLabs/sui.git", rev = "framework/testnet", subdir = "crates/sui-framework/packages/move-stdlib" }

[[move.package]]
id = "Sui"
source = { git = "https://github.com/MystenLabs/sui.git", rev = "framework/testnet", subdir = "crates/sui-framework/packages/sui-framework" }

dependencies = [
  { id = "MoveStdlib", name = "MoveStdlib" },
]

[move.toolchain-version]
compiler-version = "1.49.1"
edition = "2024.beta"
flavor = "sui"

[env]

[env.testnet]
chain-id = "4c78adac"
original-published-id = "0x3a10db55241344f884d40e83fdd4849104413e2b57ba2e7502c94b5f7392512c"
latest-published-id = "0x3a10db55241344f884d40e83fdd4849104413e2b57ba2e7502c94b5f7392512c"
published-version = "1"

[env.devnet]
chain-id = "4a06526c"
original-published-id = "0x1958c0ea8b0614dcaeb9d2e6c83c69f21afe3a7c3b57f8ce8a908097417bae18"
latest-published-id = "0x1958c0ea8b0614dcaeb9d2e6c83c69f21afe3a7c3b57f8ce8a908097417bae18"
published-version = "1"
